
Microsoft Visual Studio Solution File, Format Version 12.00
# Visual Studio Version 17
VisualStudioVersion = 17.3.32825.248
MinimumVisualStudioVersion = 10.0.40219.1
Project("{FAE04EC0-301F-11D3-BF4B-00C04F79EFBC}") = "elnuevo", "elnuevo\elnuevo.csproj", "{A831DB77-E92F-4C7A-B625-A52DC016366D}"
EndProject
Global
	GlobalSection(SolutionConfigurationPlatforms) = preSolution
		Debug|Any CPU = Debug|Any CPU
		Release|Any CPU = Release|Any CPU
	EndGlobalSection
	GlobalSection(ProjectConfigurationPlatforms) = postSolution
		{A831DB77-E92F-4C7A-B625-A52DC016366D}.Debug|Any CPU.ActiveCfg = Debug|Any CPU
		{A831DB77-E92F-4C7A-B625-A52DC016366D}.Debug|Any CPU.Build.0 = Debug|Any CPU
		{A831DB77-E92F-4C7A-B625-A52DC016366D}.Release|Any CPU.ActiveCfg = Release|Any CPU
		{A831DB77-E92F-4C7A-B625-A52DC016366D}.Release|Any CPU.Build.0 = Release|Any CPU
	EndGlobalSection
	GlobalSection(SolutionProperties) = preSolution
		HideSolutionNode = FALSE
	EndGlobalSection
	GlobalSection(ExtensibilityGlobals) = postSolution
		SolutionGuid = {2DBDCF5C-444A-409C-964F-D8B7B803F386}
	EndGlobalSection
EndGlobal
